
Microsoft Visual Studio Solution File, Format Version 12.00
# Visual Studio Version 17
VisualStudioVersion = 17.2.32317.152
MinimumVisualStudioVersion = 10.0.40219.1
Project("{9A19103F-16F7-4668-BE54-9A1E7A4F7556}") = "sensade-project", "sensade-project.csproj", "{E5BD54E3-4C0D-4D4F-9937-248EDBD63A81}"
EndProject
Project("{9A19103F-16F7-4668-BE54-9A1E7A4F7556}") = "DataAccesLayer", "..\DataAccesLayer\DataAccesLayer.csproj", "{74029F34-B919-45BA-8EDC-777E239282EB}"
EndProject
Project("{9A19103F-16F7-4668-BE54-9A1E7A4F7556}") = "EntityModels", "..\EntityModels\EntityModels.csproj", "{43419A06-27B9-4AAB-8624-D339E3E1C7C6}"
EndProject
Project("{9A19103F-16F7-4668-BE54-9A1E7A4F7556}") = "Enviroment", "..\Enviroment\Enviroment.csproj", "{962051FC-ACCF-42FE-A832-879121457310}"
EndProject
Global
	GlobalSection(SolutionConfigurationPlatforms) = preSolution
		Debug|Any CPU = Debug|Any CPU
		Release|Any CPU = Release|Any CPU
	EndGlobalSection
	GlobalSection(ProjectConfigurationPlatforms) = postSolution
		{E5BD54E3-4C0D-4D4F-9937-248EDBD63A81}.Debug|Any CPU.ActiveCfg = Debug|Any CPU
		{E5BD54E3-4C0D-4D4F-9937-248EDBD63A81}.Debug|Any CPU.Build.0 = Debug|Any CPU
		{E5BD54E3-4C0D-4D4F-9937-248EDBD63A81}.Release|Any CPU.ActiveCfg = Release|Any CPU
		{E5BD54E3-4C0D-4D4F-9937-248EDBD63A81}.Release|Any CPU.Build.0 = Release|Any CPU
		{74029F34-B919-45BA-8EDC-777E239282EB}.Debug|Any CPU.ActiveCfg = Debug|Any CPU
		{74029F34-B919-45BA-8EDC-777E239282EB}.Debug|Any CPU.Build.0 = Debug|Any CPU
		{74029F34-B919-45BA-8EDC-777E239282EB}.Release|Any CPU.ActiveCfg = Release|Any CPU
		{74029F34-B919-45BA-8EDC-777E239282EB}.Release|Any CPU.Build.0 = Release|Any CPU
		{43419A06-27B9-4AAB-8624-D339E3E1C7C6}.Debug|Any CPU.ActiveCfg = Debug|Any CPU
		{43419A06-27B9-4AAB-8624-D339E3E1C7C6}.Debug|Any CPU.Build.0 = Debug|Any CPU
		{43419A06-27B9-4AAB-8624-D339E3E1C7C6}.Release|Any CPU.ActiveCfg = Release|Any CPU
		{43419A06-27B9-4AAB-8624-D339E3E1C7C6}.Release|Any CPU.Build.0 = Release|Any CPU
		{962051FC-ACCF-42FE-A832-879121457310}.Debug|Any CPU.ActiveCfg = Debug|Any CPU
		{962051FC-ACCF-42FE-A832-879121457310}.Debug|Any CPU.Build.0 = Debug|Any CPU
		{962051FC-ACCF-42FE-A832-879121457310}.Release|Any CPU.ActiveCfg = Release|Any CPU
		{962051FC-ACCF-42FE-A832-879121457310}.Release|Any CPU.Build.0 = Release|Any CPU
	EndGlobalSection
	GlobalSection(SolutionProperties) = preSolution
		HideSolutionNode = FALSE
	EndGlobalSection
	GlobalSection(ExtensibilityGlobals) = postSolution
		SolutionGuid = {CC8D6BAB-B5D0-476F-9885-99048DE956DA}
	EndGlobalSection
EndGlobal
